{
  "version": "3",
  "packages": {
    "specifiers": {
      "jsr:@evex/excryptjs@^1.1.3": "jsr:@evex/excryptjs@1.1.3",
      "npm:twitter-api-v2@^1.17.2": "npm:twitter-api-v2@1.17.2"
    },
    "jsr": {
      "@evex/excryptjs@1.1.3": {
        "integrity": "35668c13c9704d75fb51b3d4eb8d7413ce6fd6aa1c23741fdb7e12ae8064ffc2"
      }
    },
    "npm": {
      "twitter-api-v2@1.17.2": {
        "integrity": "sha512-V8QvCkuQ+ydIakwYbVC4cuQxGlvjdRZI0L7TT5v9zGsf+SwX40rv3IFRHB8Z1cXJLcRFT0FI3xG3/f4zwS6cRA==",
        "dependencies": {}
      }
    }
  },
  "remote": {},
  "workspace": {
    "dependencies": [
      "jsr:@evex/excryptjs@^1.1.3",
      "npm:twitter-api-v2@^1.17.2"
    ]
  }
}
